
Microsoft Visual Studio Solution File, Format Version 12.00
# Visual Studio 14
VisualStudioVersion = 14.0.24720.0
MinimumVisualStudioVersion = 10.0.40219.1
Project("{FAE04EC0-301F-11D3-BF4B-00C04F79EFBC}") = "Litmus", "Litmus\Litmus.csproj", "{B495D0D9-63F8-41C0-95F4-57611AD9FA2A}"
	ProjectSection(ProjectDependencies) = postProject
		{91526B31-65CD-413D-AA60-88FA43E6F5EF} = {91526B31-65CD-413D-AA60-88FA43E6F5EF}
		{0F4FB757-C62A-42E4-90F0-C4F5E1528B77} = {0F4FB757-C62A-42E4-90F0-C4F5E1528B77}
		{6A0E8671-A747-41BB-BC25-7193EA8EF73D} = {6A0E8671-A747-41BB-BC25-7193EA8EF73D}
	EndProjectSection
EndProject
Project("{FAE04EC0-301F-11D3-BF4B-00C04F79EFBC}") = "Litmus.Domain", "Litmus.Domain\Litmus.Domain.csproj", "{0F4FB757-C62A-42E4-90F0-C4F5E1528B77}"
EndProject
Project("{FAE04EC0-301F-11D3-BF4B-00C04F79EFBC}") = "Litmus.Services", "Litmus.Services\Litmus.Services.csproj", "{91526B31-65CD-413D-AA60-88FA43E6F5EF}"
	ProjectSection(ProjectDependencies) = postProject
		{0F4FB757-C62A-42E4-90F0-C4F5E1528B77} = {0F4FB757-C62A-42E4-90F0-C4F5E1528B77}
		{6A0E8671-A747-41BB-BC25-7193EA8EF73D} = {6A0E8671-A747-41BB-BC25-7193EA8EF73D}
	EndProjectSection
EndProject
Project("{FAE04EC0-301F-11D3-BF4B-00C04F79EFBC}") = "Litmus.Persistence", "Litmus.Persistence\Litmus.Persistence.csproj", "{6A0E8671-A747-41BB-BC25-7193EA8EF73D}"
	ProjectSection(ProjectDependencies) = postProject
		{0F4FB757-C62A-42E4-90F0-C4F5E1528B77} = {0F4FB757-C62A-42E4-90F0-C4F5E1528B77}
	EndProjectSection
EndProject
Project("{FAE04EC0-301F-11D3-BF4B-00C04F79EFBC}") = "Litmus.Tests", "Litmus.Tests\Litmus.Tests.csproj", "{B02085B3-EF3A-42D8-8395-14AF5B616BB4}"
	ProjectSection(ProjectDependencies) = postProject
		{91526B31-65CD-413D-AA60-88FA43E6F5EF} = {91526B31-65CD-413D-AA60-88FA43E6F5EF}
		{0F4FB757-C62A-42E4-90F0-C4F5E1528B77} = {0F4FB757-C62A-42E4-90F0-C4F5E1528B77}
		{6A0E8671-A747-41BB-BC25-7193EA8EF73D} = {6A0E8671-A747-41BB-BC25-7193EA8EF73D}
	EndProjectSection
EndProject
Global
	GlobalSection(SolutionConfigurationPlatforms) = preSolution
		Debug|Any CPU = Debug|Any CPU
		Debug|x64 = Debug|x64
		Debug|x86 = Debug|x86
		Release|Any CPU = Release|Any CPU
		Release|x64 = Release|x64
		Release|x86 = Release|x86
	EndGlobalSection
	GlobalSection(ProjectConfigurationPlatforms) = postSolution
		{B495D0D9-63F8-41C0-95F4-57611AD9FA2A}.Debug|Any CPU.ActiveCfg = Debug|x86
		{B495D0D9-63F8-41C0-95F4-57611AD9FA2A}.Debug|x64.ActiveCfg = Debug|x64
		{B495D0D9-63F8-41C0-95F4-57611AD9FA2A}.Debug|x64.Build.0 = Debug|x64
		{B495D0D9-63F8-41C0-95F4-57611AD9FA2A}.Debug|x86.ActiveCfg = Debug|x86
		{B495D0D9-63F8-41C0-95F4-57611AD9FA2A}.Debug|x86.Build.0 = Debug|x86
		{B495D0D9-63F8-41C0-95F4-57611AD9FA2A}.Release|Any CPU.ActiveCfg = Release|x86
		{B495D0D9-63F8-41C0-95F4-57611AD9FA2A}.Release|x64.ActiveCfg = Release|x64
		{B495D0D9-63F8-41C0-95F4-57611AD9FA2A}.Release|x64.Build.0 = Release|x64
		{B495D0D9-63F8-41C0-95F4-57611AD9FA2A}.Release|x86.ActiveCfg = Release|x86
		{B495D0D9-63F8-41C0-95F4-57611AD9FA2A}.Release|x86.Build.0 = Release|x86
		{0F4FB757-C62A-42E4-90F0-C4F5E1528B77}.Debug|Any CPU.ActiveCfg = Debug|Any CPU
		{0F4FB757-C62A-42E4-90F0-C4F5E1528B77}.Debug|Any CPU.Build.0 = Debug|Any CPU
		{0F4FB757-C62A-42E4-90F0-C4F5E1528B77}.Debug|x64.ActiveCfg = Debug|Any CPU
		{0F4FB757-C62A-42E4-90F0-C4F5E1528B77}.Debug|x64.Build.0 = Debug|Any CPU
		{0F4FB757-C62A-42E4-90F0-C4F5E1528B77}.Debug|x86.ActiveCfg = Debug|x86
		{0F4FB757-C62A-42E4-90F0-C4F5E1528B77}.Debug|x86.Build.0 = Debug|x86
		{0F4FB757-C62A-42E4-90F0-C4F5E1528B77}.Release|Any CPU.ActiveCfg = Release|Any CPU
		{0F4FB757-C62A-42E4-90F0-C4F5E1528B77}.Release|Any CPU.Build.0 = Release|Any CPU
		{0F4FB757-C62A-42E4-90F0-C4F5E1528B77}.Release|x64.ActiveCfg = Release|Any CPU
		{0F4FB757-C62A-42E4-90F0-C4F5E1528B77}.Release|x64.Build.0 = Release|Any CPU
		{0F4FB757-C62A-42E4-90F0-C4F5E1528B77}.Release|x86.ActiveCfg = Release|x86
		{0F4FB757-C62A-42E4-90F0-C4F5E1528B77}.Release|x86.Build.0 = Release|x86
		{91526B31-65CD-413D-AA60-88FA43E6F5EF}.Debug|Any CPU.ActiveCfg = Debug|Any CPU
		{91526B31-65CD-413D-AA60-88FA43E6F5EF}.Debug|Any CPU.Build.0 = Debug|Any CPU
		{91526B31-65CD-413D-AA60-88FA43E6F5EF}.Debug|x64.ActiveCfg = Debug|Any CPU
		{91526B31-65CD-413D-AA60-88FA43E6F5EF}.Debug|x64.Build.0 = Debug|Any CPU
		{91526B31-65CD-413D-AA60-88FA43E6F5EF}.Debug|x86.ActiveCfg = Debug|x86
		{91526B31-65CD-413D-AA60-88FA43E6F5EF}.Debug|x86.Build.0 = Debug|x86
		{91526B31-65CD-413D-AA60-88FA43E6F5EF}.Release|Any CPU.ActiveCfg = Release|Any CPU
		{91526B31-65CD-413D-AA60-88FA43E6F5EF}.Release|Any CPU.Build.0 = Release|Any CPU
		{91526B31-65CD-413D-AA60-88FA43E6F5EF}.Release|x64.ActiveCfg = Release|Any CPU
		{91526B31-65CD-413D-AA60-88FA43E6F5EF}.Release|x64.Build.0 = Release|Any CPU
		{91526B31-65CD-413D-AA60-88FA43E6F5EF}.Release|x86.ActiveCfg = Release|x86
		{91526B31-65CD-413D-AA60-88FA43E6F5EF}.Release|x86.Build.0 = Release|x86
		{6A0E8671-A747-41BB-BC25-7193EA8EF73D}.Debug|Any CPU.ActiveCfg = Debug|Any CPU
		{6A0E8671-A747-41BB-BC25-7193EA8EF73D}.Debug|Any CPU.Build.0 = Debug|Any CPU
		{6A0E8671-A747-41BB-BC25-7193EA8EF73D}.Debug|x64.ActiveCfg = Debug|Any CPU
		{6A0E8671-A747-41BB-BC25-7193EA8EF73D}.Debug|x64.Build.0 = Debug|Any CPU
		{6A0E8671-A747-41BB-BC25-7193EA8EF73D}.Debug|x86.ActiveCfg = Debug|x86
		{6A0E8671-A747-41BB-BC25-7193EA8EF73D}.Debug|x86.Build.0 = Debug|x86
		{6A0E8671-A747-41BB-BC25-7193EA8EF73D}.Release|Any CPU.ActiveCfg = Release|Any CPU
		{6A0E8671-A747-41BB-BC25-7193EA8EF73D}.Release|Any CPU.Build.0 = Release|Any CPU
		{6A0E8671-A747-41BB-BC25-7193EA8EF73D}.Release|x64.ActiveCfg = Release|Any CPU
		{6A0E8671-A747-41BB-BC25-7193EA8EF73D}.Release|x64.Build.0 = Release|Any CPU
		{6A0E8671-A747-41BB-BC25-7193EA8EF73D}.Release|x86.ActiveCfg = Release|x86
		{6A0E8671-A747-41BB-BC25-7193EA8EF73D}.Release|x86.Build.0 = Release|x86
		{B02085B3-EF3A-42D8-8395-14AF5B616BB4}.Debug|Any CPU.ActiveCfg = Debug|Any CPU
		{B02085B3-EF3A-42D8-8395-14AF5B616BB4}.Debug|Any CPU.Build.0 = Debug|Any CPU
		{B02085B3-EF3A-42D8-8395-14AF5B616BB4}.Debug|x64.ActiveCfg = Debug|Any CPU
		{B02085B3-EF3A-42D8-8395-14AF5B616BB4}.Debug|x64.Build.0 = Debug|Any CPU
		{B02085B3-EF3A-42D8-8395-14AF5B616BB4}.Debug|x86.ActiveCfg = Debug|x86
		{B02085B3-EF3A-42D8-8395-14AF5B616BB4}.Debug|x86.Build.0 = Debug|x86
		{B02085B3-EF3A-42D8-8395-14AF5B616BB4}.Release|Any CPU.ActiveCfg = Release|Any CPU
		{B02085B3-EF3A-42D8-8395-14AF5B616BB4}.Release|Any CPU.Build.0 = Release|Any CPU
		{B02085B3-EF3A-42D8-8395-14AF5B616BB4}.Release|x64.ActiveCfg = Release|Any CPU
		{B02085B3-EF3A-42D8-8395-14AF5B616BB4}.Release|x64.Build.0 = Release|Any CPU
		{B02085B3-EF3A-42D8-8395-14AF5B616BB4}.Release|x86.ActiveCfg = Release|x86
		{B02085B3-EF3A-42D8-8395-14AF5B616BB4}.Release|x86.Build.0 = Release|x86
	EndGlobalSection
	GlobalSection(SolutionProperties) = preSolution
		HideSolutionNode = FALSE
	EndGlobalSection
EndGlobal
